
Microsoft Visual Studio Solution File, Format Version 12.00
# Visual Studio 15
VisualStudioVersion = 15.0.27130.2003
MinimumVisualStudioVersion = 10.0.40219.1
Project("{FAE04EC0-301F-11D3-BF4B-00C04F79EFBC}") = "PointSortingWebAPI", "PointSortingWebAPI\PointSortingWebAPI.csproj", "{BC487594-3316-4A46-B7BD-9AFCE4DD4C88}"
EndProject
Global
	GlobalSection(SolutionConfigurationPlatforms) = preSolution
		Debug|Any CPU = Debug|Any CPU
		Release|Any CPU = Release|Any CPU
	EndGlobalSection
	GlobalSection(ProjectConfigurationPlatforms) = postSolution
		{BC487594-3316-4A46-B7BD-9AFCE4DD4C88}.Debug|Any CPU.ActiveCfg = Debug|Any CPU
		{BC487594-3316-4A46-B7BD-9AFCE4DD4C88}.Debug|Any CPU.Build.0 = Debug|Any CPU
		{BC487594-3316-4A46-B7BD-9AFCE4DD4C88}.Release|Any CPU.ActiveCfg = Release|Any CPU
		{BC487594-3316-4A46-B7BD-9AFCE4DD4C88}.Release|Any CPU.Build.0 = Release|Any CPU
	EndGlobalSection
	GlobalSection(SolutionProperties) = preSolution
		HideSolutionNode = FALSE
	EndGlobalSection
	GlobalSection(ExtensibilityGlobals) = postSolution
		SolutionGuid = {DE7E189E-9D8F-4EF5-9B67-DDED08C43EF3}
	EndGlobalSection
EndGlobal
